{
  "requires": true,
  "lockfileVersion": 1,
  "dependencies": {
    "react-hook-form": {
      "version": "7.0.3",
      "resolved": "https://registry.npmjs.org/react-hook-form/-/react-hook-form-7.0.3.tgz",
      "integrity": "sha512-NTxs6i4mvvd0MBuAX7rWfyM+DteDwvVGWjhbZk00gfoINHip0SZrLDrnOxT0inFXQZAWbL7veIxGEE46Fps4zg=="
    }
  }
}
